{"version":4,"terraform_version":"1.8.4","serial":72,"lineage":"a32b8356-fe34-35e4-56e6-cdb53afca77b","outputs":{"instance_name":{"value":"interfacer-test.dyne.im","type":"string"},"instance_public_ip":{"value":"65.21.180.21","type":"string"}},"resources":[{"mode":"managed","type":"gandi_livedns_record","name":"tofu_dyne_im","provider":"provider[\"registry.opentofu.org/go-gandi/gandi\"]","instances":[{"schema_version":0,"attributes":{"href":"https://api.gandi.net/v5/livedns/domains/dyne.im/records/interfacer-test/A","id":"dyne.im/interfacer-test/A","mutable":null,"name":"interfacer-test","timeouts":null,"ttl":3600,"type":"A","values":["65.21.180.21"],"zone":"dyne.im"},"sensitive_attributes":[],"private":"eyJlMmJmYjczMC1lY2FhLTExZTYtOGY4OC0zNDM2M2JjN2M0YzAiOnsiY3JlYXRlIjo2MDAwMDAwMDAwMCwiZGVmYXVsdCI6NjAwMDAwMDAwMDAsImRlbGV0ZSI6NjAwMDAwMDAwMDAsInJlYWQiOjYwMDAwMDAwMDAwLCJ1cGRhdGUiOjYwMDAwMDAwMDAwfX0=","dependencies":["hcloud_server.node1"]}]},{"mode":"managed","type":"gandi_livedns_record","name":"tofu_proxy_dyne_im","provider":"provider[\"registry.opentofu.org/go-gandi/gandi\"]","instances":[{"schema_version":0,"attributes":{"href":"https://api.gandi.net/v5/livedns/domains/dyne.im/records/proxy.interfacer-test/A","id":"dyne.im/proxy.interfacer-test/A","mutable":null,"name":"proxy.interfacer-test","timeouts":null,"ttl":3600,"type":"A","values":["65.21.180.21"],"zone":"dyne.im"},"sensitive_attributes":[],"private":"eyJlMmJmYjczMC1lY2FhLTExZTYtOGY4OC0zNDM2M2JjN2M0YzAiOnsiY3JlYXRlIjo2MDAwMDAwMDAwMCwiZGVmYXVsdCI6NjAwMDAwMDAwMDAsImRlbGV0ZSI6NjAwMDAwMDAwMDAsInJlYWQiOjYwMDAwMDAwMDAwLCJ1cGRhdGUiOjYwMDAwMDAwMDAwfX0=","dependencies":["hcloud_server.node1"]}]},{"mode":"managed","type":"gandi_livedns_record","name":"tofu_zenflows_dyne_im","provider":"provider[\"registry.opentofu.org/go-gandi/gandi\"]","instances":[{"schema_version":0,"attributes":{"href":"https://api.gandi.net/v5/livedns/domains/dyne.im/records/zenflows.interfacer-test/A","id":"dyne.im/zenflows.interfacer-test/A","mutable":null,"name":"zenflows.interfacer-test","timeouts":null,"ttl":3600,"type":"A","values":["65.21.180.21"],"zone":"dyne.im"},"sensitive_attributes":[],"private":"eyJlMmJmYjczMC1lY2FhLTExZTYtOGY4OC0zNDM2M2JjN2M0YzAiOnsiY3JlYXRlIjo2MDAwMDAwMDAwMCwiZGVmYXVsdCI6NjAwMDAwMDAwMDAsImRlbGV0ZSI6NjAwMDAwMDAwMDAsInJlYWQiOjYwMDAwMDAwMDAwLCJ1cGRhdGUiOjYwMDAwMDAwMDAwfX0=","dependencies":["hcloud_server.node1"]}]},{"mode":"managed","type":"hcloud_server","name":"node1","provider":"provider[\"registry.opentofu.org/hetznercloud/hcloud\"]","instances":[{"schema_version":0,"attributes":{"backup_window":"","backups":false,"datacenter":"hel1-dc2","firewall_ids":null,"id":"57751306","image":"debian-12","ipv4_address":"65.21.180.21","ipv6_address":"2a01:4f9:c012:2985::1","ipv6_network":"2a01:4f9:c012:2985::/64","iso":null,"keep_disk":false,"labels":null,"location":"hel1","name":"node1","network":[],"rescue":null,"server_type":"cx22","ssh_keys":["antoniotrkdz@trkdz-d7-ceres"],"status":"running","timeouts":null,"user_data":null},"sensitive_attributes":[],"private":"eyJlMmJmYjczMC1lY2FhLTExZTYtOGY4OC0zNDM2M2JjN2M0YzAiOnsiY3JlYXRlIjo1NDAwMDAwMDAwMDAwfX0="}]}],"check_results":null}
