{"version":4,"terraform_version":"1.8.4","serial":13,"lineage":"a32b8356-fe34-35e4-56e6-cdb53afca77b","outputs":{"instance_public_ip":{"value":"135.181.198.194","type":"string"}},"resources":[{"mode":"managed","type":"gandi_livedns_record","name":"tofu_dyne_im","provider":"provider[\"registry.opentofu.org/go-gandi/gandi\"]","instances":[{"schema_version":0,"attributes":{"href":"https://api.gandi.net/v5/livedns/domains/dyne.im/records/tofu/A","id":"dyne.im/tofu/A","mutable":null,"name":"tofu","timeouts":null,"ttl":300,"type":"A","values":["135.181.198.194"],"zone":"dyne.im"},"sensitive_attributes":[],"private":"eyJlMmJmYjczMC1lY2FhLTExZTYtOGY4OC0zNDM2M2JjN2M0YzAiOnsiY3JlYXRlIjo2MDAwMDAwMDAwMCwiZGVmYXVsdCI6NjAwMDAwMDAwMDAsImRlbGV0ZSI6NjAwMDAwMDAwMDAsInJlYWQiOjYwMDAwMDAwMDAwLCJ1cGRhdGUiOjYwMDAwMDAwMDAwfX0=","dependencies":["hcloud_server.node1"]}]},{"mode":"managed","type":"hcloud_server","name":"node1","provider":"provider[\"registry.opentofu.org/hetznercloud/hcloud\"]","instances":[{"schema_version":0,"attributes":{"backup_window":"","backups":false,"datacenter":"hel1-dc2","firewall_ids":null,"id":"55909266","image":"debian-11","ipv4_address":"135.181.198.194","ipv6_address":"2a01:4f9:c012:d5c2::1","ipv6_network":"2a01:4f9:c012:d5c2::/64","iso":null,"keep_disk":false,"labels":null,"location":"hel1","name":"node1","network":[],"rescue":null,"server_type":"cx22","ssh_keys":["antoniotrkdz@trkdz-d7-ceres"],"status":"running","timeouts":null,"user_data":null},"sensitive_attributes":[],"private":"eyJlMmJmYjczMC1lY2FhLTExZTYtOGY4OC0zNDM2M2JjN2M0YzAiOnsiY3JlYXRlIjo1NDAwMDAwMDAwMDAwfX0="}]}],"check_results":null}
