{"version":4,"terraform_version":"1.8.4","serial":3,"lineage":"a32b8356-fe34-35e4-56e6-cdb53afca77b","outputs":{},"resources":[{"mode":"managed","type":"hcloud_server","name":"node1","provider":"provider[\"registry.opentofu.org/hetznercloud/hcloud\"]","instances":[{"schema_version":0,"attributes":{"backup_window":"","backups":false,"datacenter":"hel1-dc2","firewall_ids":null,"id":"54876940","image":"debian-11","ipv4_address":"37.27.86.236","ipv6_address":"2a01:4f9:c012:728e::1","ipv6_network":"2a01:4f9:c012:728e::/64","iso":null,"keep_disk":false,"labels":null,"location":"hel1","name":"node1","network":[],"rescue":null,"server_type":"cx11","ssh_keys":["antoniotrkdz@trkdz-d7-ceres"],"status":"running","timeouts":null,"user_data":null},"sensitive_attributes":[],"private":"eyJlMmJmYjczMC1lY2FhLTExZTYtOGY4OC0zNDM2M2JjN2M0YzAiOnsiY3JlYXRlIjo1NDAwMDAwMDAwMDAwfX0="}]}],"check_results":null}
